
Microsoft Visual Studio Solution File, Format Version 12.00
# Visual Studio Version 17
VisualStudioVersion = 17.8.34330.188
MinimumVisualStudioVersion = 10.0.40219.1
Project("{FAE04EC0-301F-11D3-BF4B-00C04F79EFBC}") = "CRUD project", "CRUD project\CRUD project.csproj", "{0E67C987-6FE3-46C6-ACBC-B3EB808E6305}"
EndProject
Global
	GlobalSection(SolutionConfigurationPlatforms) = preSolution
		Debug|Any CPU = Debug|Any CPU
		Release|Any CPU = Release|Any CPU
	EndGlobalSection
	GlobalSection(ProjectConfigurationPlatforms) = postSolution
		{0E67C987-6FE3-46C6-ACBC-B3EB808E6305}.Debug|Any CPU.ActiveCfg = Debug|Any CPU
		{0E67C987-6FE3-46C6-ACBC-B3EB808E6305}.Debug|Any CPU.Build.0 = Debug|Any CPU
		{0E67C987-6FE3-46C6-ACBC-B3EB808E6305}.Release|Any CPU.ActiveCfg = Release|Any CPU
		{0E67C987-6FE3-46C6-ACBC-B3EB808E6305}.Release|Any CPU.Build.0 = Release|Any CPU
	EndGlobalSection
	GlobalSection(SolutionProperties) = preSolution
		HideSolutionNode = FALSE
	EndGlobalSection
	GlobalSection(ExtensibilityGlobals) = postSolution
		SolutionGuid = {E6ABCFEA-66A2-43F4-B27A-9DEED44E3ECE}
	EndGlobalSection
EndGlobal
